
Microsoft Visual Studio Solution File, Format Version 12.00
# Visual Studio 15
VisualStudioVersion = 15.0.26823.1
MinimumVisualStudioVersion = 10.0.40219.1
Project("{F2A71F9B-5D33-465A-A702-920D77279786}") = "NCF.Messenger", "NCF.Messenger\NCF.Messenger.fsproj", "{2DFCDDCC-090A-4C7F-8D25-5D97707886FF}"
EndProject
Project("{F2A71F9B-5D33-465A-A702-920D77279786}") = "NCF.AlarmHistory", "NCF.AlarmHistory\NCF.AlarmHistory.fsproj", "{3FBE46C1-5E14-4839-93D9-C8DBA2CB3CBA}"
EndProject
Project("{F2A71F9B-5D33-465A-A702-920D77279786}") = "NCF.Excel", "NCF.Excel\NCF.Excel.fsproj", "{7B47C3FC-7E8D-4FB8-85E0-FEC5BC6FA866}"
EndProject
Project("{FAE04EC0-301F-11D3-BF4B-00C04F79EFBC}") = "NCF.ExcelDna", "NCF.ExcelDna\NCF.ExcelDna.csproj", "{548A73A5-BB6B-4058-B274-8647E6E33380}"
EndProject
Project("{FAE04EC0-301F-11D3-BF4B-00C04F79EFBC}") = "NCF.Excel.Ribbon", "NCF.Excel.Ribbon\NCF.Excel.Ribbon.csproj", "{ADF8744B-EE42-4B47-871B-85E99EF33FD1}"
EndProject
Project("{FAE04EC0-301F-11D3-BF4B-00C04F79EFBC}") = "NCF.Excel.UI", "NCF.Excel.UI\NCF.Excel.UI.csproj", "{D2527DD1-E603-42FE-8FA7-DD5C25A61D4F}"
EndProject
Project("{8BC9CEB8-8B4A-11D0-8D11-00A0C91BC942}") = "NCF.Citect", "NCF.Citect\NCF.Citect.vcxproj", "{DCAB58E7-8A29-4A9A-9D46-1C21A335E1B2}"
EndProject
Project("{2150E333-8FDC-42A3-9474-1A3956D46DE8}") = "Solution Items", "Solution Items", "{6428F8CB-BB3C-40C8-89E5-ABCEED7F83FD}"
	ProjectSection(SolutionItems) = preProject
		Readme.txt = Readme.txt
	EndProjectSection
EndProject
Project("{F2A71F9B-5D33-465A-A702-920D77279786}") = "NCF.MES", "NCF.MES\NCF.MES.fsproj", "{C09A90EB-E065-4E90-941E-CFC4397AEF4C}"
EndProject
Global
	GlobalSection(SolutionConfigurationPlatforms) = preSolution
		Debug|Any CPU = Debug|Any CPU
		Debug|x64 = Debug|x64
		Debug|x86 = Debug|x86
		Release|Any CPU = Release|Any CPU
		Release|x64 = Release|x64
		Release|x86 = Release|x86
	EndGlobalSection
	GlobalSection(ProjectConfigurationPlatforms) = postSolution
		{2DFCDDCC-090A-4C7F-8D25-5D97707886FF}.Debug|Any CPU.ActiveCfg = Debug|Any CPU
		{2DFCDDCC-090A-4C7F-8D25-5D97707886FF}.Debug|Any CPU.Build.0 = Debug|Any CPU
		{2DFCDDCC-090A-4C7F-8D25-5D97707886FF}.Debug|x64.ActiveCfg = Debug|x64
		{2DFCDDCC-090A-4C7F-8D25-5D97707886FF}.Debug|x64.Build.0 = Debug|x64
		{2DFCDDCC-090A-4C7F-8D25-5D97707886FF}.Debug|x86.ActiveCfg = Debug|x86
		{2DFCDDCC-090A-4C7F-8D25-5D97707886FF}.Debug|x86.Build.0 = Debug|x86
		{2DFCDDCC-090A-4C7F-8D25-5D97707886FF}.Release|Any CPU.ActiveCfg = Release|Any CPU
		{2DFCDDCC-090A-4C7F-8D25-5D97707886FF}.Release|Any CPU.Build.0 = Release|Any CPU
		{2DFCDDCC-090A-4C7F-8D25-5D97707886FF}.Release|x64.ActiveCfg = Release|x64
		{2DFCDDCC-090A-4C7F-8D25-5D97707886FF}.Release|x64.Build.0 = Release|x64
		{2DFCDDCC-090A-4C7F-8D25-5D97707886FF}.Release|x86.ActiveCfg = Release|x86
		{2DFCDDCC-090A-4C7F-8D25-5D97707886FF}.Release|x86.Build.0 = Release|x86
		{3FBE46C1-5E14-4839-93D9-C8DBA2CB3CBA}.Debug|Any CPU.ActiveCfg = Debug|Any CPU
		{3FBE46C1-5E14-4839-93D9-C8DBA2CB3CBA}.Debug|Any CPU.Build.0 = Debug|Any CPU
		{3FBE46C1-5E14-4839-93D9-C8DBA2CB3CBA}.Debug|x64.ActiveCfg = Debug|Any CPU
		{3FBE46C1-5E14-4839-93D9-C8DBA2CB3CBA}.Debug|x64.Build.0 = Debug|Any CPU
		{3FBE46C1-5E14-4839-93D9-C8DBA2CB3CBA}.Debug|x86.ActiveCfg = Debug|Any CPU
		{3FBE46C1-5E14-4839-93D9-C8DBA2CB3CBA}.Debug|x86.Build.0 = Debug|Any CPU
		{3FBE46C1-5E14-4839-93D9-C8DBA2CB3CBA}.Release|Any CPU.ActiveCfg = Release|Any CPU
		{3FBE46C1-5E14-4839-93D9-C8DBA2CB3CBA}.Release|Any CPU.Build.0 = Release|Any CPU
		{3FBE46C1-5E14-4839-93D9-C8DBA2CB3CBA}.Release|x64.ActiveCfg = Release|Any CPU
		{3FBE46C1-5E14-4839-93D9-C8DBA2CB3CBA}.Release|x64.Build.0 = Release|Any CPU
		{3FBE46C1-5E14-4839-93D9-C8DBA2CB3CBA}.Release|x86.ActiveCfg = Release|Any CPU
		{3FBE46C1-5E14-4839-93D9-C8DBA2CB3CBA}.Release|x86.Build.0 = Release|Any CPU
		{7B47C3FC-7E8D-4FB8-85E0-FEC5BC6FA866}.Debug|Any CPU.ActiveCfg = Debug|Any CPU
		{7B47C3FC-7E8D-4FB8-85E0-FEC5BC6FA866}.Debug|Any CPU.Build.0 = Debug|Any CPU
		{7B47C3FC-7E8D-4FB8-85E0-FEC5BC6FA866}.Debug|x64.ActiveCfg = Debug|Any CPU
		{7B47C3FC-7E8D-4FB8-85E0-FEC5BC6FA866}.Debug|x64.Build.0 = Debug|Any CPU
		{7B47C3FC-7E8D-4FB8-85E0-FEC5BC6FA866}.Debug|x86.ActiveCfg = Debug|Any CPU
		{7B47C3FC-7E8D-4FB8-85E0-FEC5BC6FA866}.Debug|x86.Build.0 = Debug|Any CPU
		{7B47C3FC-7E8D-4FB8-85E0-FEC5BC6FA866}.Release|Any CPU.ActiveCfg = Release|Any CPU
		{7B47C3FC-7E8D-4FB8-85E0-FEC5BC6FA866}.Release|Any CPU.Build.0 = Release|Any CPU
		{7B47C3FC-7E8D-4FB8-85E0-FEC5BC6FA866}.Release|x64.ActiveCfg = Release|Any CPU
		{7B47C3FC-7E8D-4FB8-85E0-FEC5BC6FA866}.Release|x64.Build.0 = Release|Any CPU
		{7B47C3FC-7E8D-4FB8-85E0-FEC5BC6FA866}.Release|x86.ActiveCfg = Release|Any CPU
		{7B47C3FC-7E8D-4FB8-85E0-FEC5BC6FA866}.Release|x86.Build.0 = Release|Any CPU
		{548A73A5-BB6B-4058-B274-8647E6E33380}.Debug|Any CPU.ActiveCfg = Debug|Any CPU
		{548A73A5-BB6B-4058-B274-8647E6E33380}.Debug|Any CPU.Build.0 = Debug|Any CPU
		{548A73A5-BB6B-4058-B274-8647E6E33380}.Debug|x64.ActiveCfg = Debug|Any CPU
		{548A73A5-BB6B-4058-B274-8647E6E33380}.Debug|x64.Build.0 = Debug|Any CPU
		{548A73A5-BB6B-4058-B274-8647E6E33380}.Debug|x86.ActiveCfg = Debug|Any CPU
		{548A73A5-BB6B-4058-B274-8647E6E33380}.Debug|x86.Build.0 = Debug|Any CPU
		{548A73A5-BB6B-4058-B274-8647E6E33380}.Release|Any CPU.ActiveCfg = Release|Any CPU
		{548A73A5-BB6B-4058-B274-8647E6E33380}.Release|Any CPU.Build.0 = Release|Any CPU
		{548A73A5-BB6B-4058-B274-8647E6E33380}.Release|x64.ActiveCfg = Release|Any CPU
		{548A73A5-BB6B-4058-B274-8647E6E33380}.Release|x64.Build.0 = Release|Any CPU
		{548A73A5-BB6B-4058-B274-8647E6E33380}.Release|x86.ActiveCfg = Release|Any CPU
		{548A73A5-BB6B-4058-B274-8647E6E33380}.Release|x86.Build.0 = Release|Any CPU
		{ADF8744B-EE42-4B47-871B-85E99EF33FD1}.Debug|Any CPU.ActiveCfg = Debug|Any CPU
		{ADF8744B-EE42-4B47-871B-85E99EF33FD1}.Debug|Any CPU.Build.0 = Debug|Any CPU
		{ADF8744B-EE42-4B47-871B-85E99EF33FD1}.Debug|x64.ActiveCfg = Debug|Any CPU
		{ADF8744B-EE42-4B47-871B-85E99EF33FD1}.Debug|x64.Build.0 = Debug|Any CPU
		{ADF8744B-EE42-4B47-871B-85E99EF33FD1}.Debug|x86.ActiveCfg = Debug|Any CPU
		{ADF8744B-EE42-4B47-871B-85E99EF33FD1}.Debug|x86.Build.0 = Debug|Any CPU
		{ADF8744B-EE42-4B47-871B-85E99EF33FD1}.Release|Any CPU.ActiveCfg = Release|Any CPU
		{ADF8744B-EE42-4B47-871B-85E99EF33FD1}.Release|Any CPU.Build.0 = Release|Any CPU
		{ADF8744B-EE42-4B47-871B-85E99EF33FD1}.Release|x64.ActiveCfg = Release|Any CPU
		{ADF8744B-EE42-4B47-871B-85E99EF33FD1}.Release|x64.Build.0 = Release|Any CPU
		{ADF8744B-EE42-4B47-871B-85E99EF33FD1}.Release|x86.ActiveCfg = Release|Any CPU
		{ADF8744B-EE42-4B47-871B-85E99EF33FD1}.Release|x86.Build.0 = Release|Any CPU
		{D2527DD1-E603-42FE-8FA7-DD5C25A61D4F}.Debug|Any CPU.ActiveCfg = Debug|Any CPU
		{D2527DD1-E603-42FE-8FA7-DD5C25A61D4F}.Debug|Any CPU.Build.0 = Debug|Any CPU
		{D2527DD1-E603-42FE-8FA7-DD5C25A61D4F}.Debug|x64.ActiveCfg = Debug|Any CPU
		{D2527DD1-E603-42FE-8FA7-DD5C25A61D4F}.Debug|x64.Build.0 = Debug|Any CPU
		{D2527DD1-E603-42FE-8FA7-DD5C25A61D4F}.Debug|x86.ActiveCfg = Debug|Any CPU
		{D2527DD1-E603-42FE-8FA7-DD5C25A61D4F}.Debug|x86.Build.0 = Debug|Any CPU
		{D2527DD1-E603-42FE-8FA7-DD5C25A61D4F}.Release|Any CPU.ActiveCfg = Release|Any CPU
		{D2527DD1-E603-42FE-8FA7-DD5C25A61D4F}.Release|Any CPU.Build.0 = Release|Any CPU
		{D2527DD1-E603-42FE-8FA7-DD5C25A61D4F}.Release|x64.ActiveCfg = Release|Any CPU
		{D2527DD1-E603-42FE-8FA7-DD5C25A61D4F}.Release|x64.Build.0 = Release|Any CPU
		{D2527DD1-E603-42FE-8FA7-DD5C25A61D4F}.Release|x86.ActiveCfg = Release|Any CPU
		{D2527DD1-E603-42FE-8FA7-DD5C25A61D4F}.Release|x86.Build.0 = Release|Any CPU
		{DCAB58E7-8A29-4A9A-9D46-1C21A335E1B2}.Debug|Any CPU.ActiveCfg = Debug|Win32
		{DCAB58E7-8A29-4A9A-9D46-1C21A335E1B2}.Debug|x64.ActiveCfg = Debug|x64
		{DCAB58E7-8A29-4A9A-9D46-1C21A335E1B2}.Debug|x64.Build.0 = Debug|x64
		{DCAB58E7-8A29-4A9A-9D46-1C21A335E1B2}.Debug|x86.ActiveCfg = Debug|Win32
		{DCAB58E7-8A29-4A9A-9D46-1C21A335E1B2}.Debug|x86.Build.0 = Debug|Win32
		{DCAB58E7-8A29-4A9A-9D46-1C21A335E1B2}.Release|Any CPU.ActiveCfg = Release|Win32
		{DCAB58E7-8A29-4A9A-9D46-1C21A335E1B2}.Release|x64.ActiveCfg = Release|x64
		{DCAB58E7-8A29-4A9A-9D46-1C21A335E1B2}.Release|x64.Build.0 = Release|x64
		{DCAB58E7-8A29-4A9A-9D46-1C21A335E1B2}.Release|x86.ActiveCfg = Release|Win32
		{DCAB58E7-8A29-4A9A-9D46-1C21A335E1B2}.Release|x86.Build.0 = Release|Win32
		{C09A90EB-E065-4E90-941E-CFC4397AEF4C}.Debug|Any CPU.ActiveCfg = Debug|Any CPU
		{C09A90EB-E065-4E90-941E-CFC4397AEF4C}.Debug|Any CPU.Build.0 = Debug|Any CPU
		{C09A90EB-E065-4E90-941E-CFC4397AEF4C}.Debug|x64.ActiveCfg = Debug|Any CPU
		{C09A90EB-E065-4E90-941E-CFC4397AEF4C}.Debug|x64.Build.0 = Debug|Any CPU
		{C09A90EB-E065-4E90-941E-CFC4397AEF4C}.Debug|x86.ActiveCfg = Debug|Any CPU
		{C09A90EB-E065-4E90-941E-CFC4397AEF4C}.Debug|x86.Build.0 = Debug|Any CPU
		{C09A90EB-E065-4E90-941E-CFC4397AEF4C}.Release|Any CPU.ActiveCfg = Release|Any CPU
		{C09A90EB-E065-4E90-941E-CFC4397AEF4C}.Release|Any CPU.Build.0 = Release|Any CPU
		{C09A90EB-E065-4E90-941E-CFC4397AEF4C}.Release|x64.ActiveCfg = Release|Any CPU
		{C09A90EB-E065-4E90-941E-CFC4397AEF4C}.Release|x64.Build.0 = Release|Any CPU
		{C09A90EB-E065-4E90-941E-CFC4397AEF4C}.Release|x86.ActiveCfg = Release|Any CPU
		{C09A90EB-E065-4E90-941E-CFC4397AEF4C}.Release|x86.Build.0 = Release|Any CPU
	EndGlobalSection
	GlobalSection(SolutionProperties) = preSolution
		HideSolutionNode = FALSE
	EndGlobalSection
	GlobalSection(ExtensibilityGlobals) = postSolution
		SolutionGuid = {1EF0DE5C-1D53-450D-94F8-E7BDB1D983D2}
	EndGlobalSection
EndGlobal
